
Microsoft Visual Studio Solution File, Format Version 12.00
# Visual Studio Version 16
VisualStudioVersion = 16.0.33130.400
MinimumVisualStudioVersion = 10.0.40219.1
Project("{2150E333-8FDC-42A3-9474-1A3956D46DE8}") = "Services", "Services", "{FF0CD35C-14C0-46DC-B4E9-37295E663C92}"
EndProject
Project("{2150E333-8FDC-42A3-9474-1A3956D46DE8}") = "Catalog", "Catalog", "{7EDB04F5-9729-421F-B6E3-280E4C17426D}"
EndProject
Project("{9A19103F-16F7-4668-BE54-9A1E7A4F7556}") = "Catalog.API", "Services\Catalog\Catalog.API\Catalog.API.csproj", "{5B7F79D6-10F4-4437-99A5-B937A1B6F39F}"
EndProject
Project("{E53339B2-1760-4266-BCC7-CA923CBCF16C}") = "docker-compose", "docker-compose.dcproj", "{76373B34-7F7E-4576-8714-6C641F7E9D0F}"
EndProject
Project("{2150E333-8FDC-42A3-9474-1A3956D46DE8}") = "Basket", "Basket", "{91B0B078-6603-40E3-AB8A-3A15CD770965}"
EndProject
Project("{9A19103F-16F7-4668-BE54-9A1E7A4F7556}") = "Basket.API", "Services\Basket\Basket.API\Basket.API.csproj", "{52F22011-2369-4FC2-B49E-C1DAA05F143D}"
EndProject
Project("{2150E333-8FDC-42A3-9474-1A3956D46DE8}") = "Discount", "Discount", "{4D4CA71A-CA6E-499B-8FB7-4B6288825401}"
EndProject
Project("{9A19103F-16F7-4668-BE54-9A1E7A4F7556}") = "Discount.API", "Services\Discount\Discount.API\Discount.API.csproj", "{4AE82A67-FB8F-4882-966C-B741F06D552D}"
EndProject
Project("{FAE04EC0-301F-11D3-BF4B-00C04F79EFBC}") = "Discount.Grpc", "Services\Discount\Discount.Grpc\Discount.Grpc.csproj", "{BFA8D0D8-796E-4871-91BA-412E8B85CAAC}"
EndProject
Global
	GlobalSection(SolutionConfigurationPlatforms) = preSolution
		Debug|Any CPU = Debug|Any CPU
		Release|Any CPU = Release|Any CPU
	EndGlobalSection
	GlobalSection(ProjectConfigurationPlatforms) = postSolution
		{5B7F79D6-10F4-4437-99A5-B937A1B6F39F}.Debug|Any CPU.ActiveCfg = Debug|Any CPU
		{5B7F79D6-10F4-4437-99A5-B937A1B6F39F}.Debug|Any CPU.Build.0 = Debug|Any CPU
		{5B7F79D6-10F4-4437-99A5-B937A1B6F39F}.Release|Any CPU.ActiveCfg = Release|Any CPU
		{5B7F79D6-10F4-4437-99A5-B937A1B6F39F}.Release|Any CPU.Build.0 = Release|Any CPU
		{76373B34-7F7E-4576-8714-6C641F7E9D0F}.Debug|Any CPU.ActiveCfg = Debug|Any CPU
		{76373B34-7F7E-4576-8714-6C641F7E9D0F}.Debug|Any CPU.Build.0 = Debug|Any CPU
		{76373B34-7F7E-4576-8714-6C641F7E9D0F}.Release|Any CPU.ActiveCfg = Release|Any CPU
		{76373B34-7F7E-4576-8714-6C641F7E9D0F}.Release|Any CPU.Build.0 = Release|Any CPU
		{52F22011-2369-4FC2-B49E-C1DAA05F143D}.Debug|Any CPU.ActiveCfg = Debug|Any CPU
		{52F22011-2369-4FC2-B49E-C1DAA05F143D}.Debug|Any CPU.Build.0 = Debug|Any CPU
		{52F22011-2369-4FC2-B49E-C1DAA05F143D}.Release|Any CPU.ActiveCfg = Release|Any CPU
		{52F22011-2369-4FC2-B49E-C1DAA05F143D}.Release|Any CPU.Build.0 = Release|Any CPU
		{4AE82A67-FB8F-4882-966C-B741F06D552D}.Debug|Any CPU.ActiveCfg = Debug|Any CPU
		{4AE82A67-FB8F-4882-966C-B741F06D552D}.Debug|Any CPU.Build.0 = Debug|Any CPU
		{4AE82A67-FB8F-4882-966C-B741F06D552D}.Release|Any CPU.ActiveCfg = Release|Any CPU
		{4AE82A67-FB8F-4882-966C-B741F06D552D}.Release|Any CPU.Build.0 = Release|Any CPU
		{BFA8D0D8-796E-4871-91BA-412E8B85CAAC}.Debug|Any CPU.ActiveCfg = Debug|Any CPU
		{BFA8D0D8-796E-4871-91BA-412E8B85CAAC}.Debug|Any CPU.Build.0 = Debug|Any CPU
		{BFA8D0D8-796E-4871-91BA-412E8B85CAAC}.Release|Any CPU.ActiveCfg = Release|Any CPU
		{BFA8D0D8-796E-4871-91BA-412E8B85CAAC}.Release|Any CPU.Build.0 = Release|Any CPU
	EndGlobalSection
	GlobalSection(SolutionProperties) = preSolution
		HideSolutionNode = FALSE
	EndGlobalSection
	GlobalSection(NestedProjects) = preSolution
		{7EDB04F5-9729-421F-B6E3-280E4C17426D} = {FF0CD35C-14C0-46DC-B4E9-37295E663C92}
		{5B7F79D6-10F4-4437-99A5-B937A1B6F39F} = {7EDB04F5-9729-421F-B6E3-280E4C17426D}
		{91B0B078-6603-40E3-AB8A-3A15CD770965} = {FF0CD35C-14C0-46DC-B4E9-37295E663C92}
		{52F22011-2369-4FC2-B49E-C1DAA05F143D} = {91B0B078-6603-40E3-AB8A-3A15CD770965}
		{4D4CA71A-CA6E-499B-8FB7-4B6288825401} = {FF0CD35C-14C0-46DC-B4E9-37295E663C92}
		{4AE82A67-FB8F-4882-966C-B741F06D552D} = {4D4CA71A-CA6E-499B-8FB7-4B6288825401}
		{BFA8D0D8-796E-4871-91BA-412E8B85CAAC} = {4D4CA71A-CA6E-499B-8FB7-4B6288825401}
	EndGlobalSection
	GlobalSection(ExtensibilityGlobals) = postSolution
		SolutionGuid = {140F473D-B4CB-4723-8E00-FBE259B4F9C0}
	EndGlobalSection
EndGlobal
